// !$*UTF8*$!
{
	archiveVersion = 1;
	classes = {
	};
	objectVersion = 51;
	objects = {

/* Begin PBXBuildFile section */
		506D363A23660E14006F514F /* AppDelegate.swift in Sources */ = {isa = PBXBuildFile; fileRef = 506D363923660E14006F514F /* AppDelegate.swift */; };
		506D363E23660E14006F514F /* ViewController.swift in Sources */ = {isa = PBXBuildFile; fileRef = 506D363D23660E14006F514F /* ViewController.swift */; };
		506D364123660E14006F514F /* Main.storyboard in Resources */ = {isa = PBXBuildFile; fileRef = 506D363F23660E14006F514F /* Main.storyboard */; };
		506D364323660E17006F514F /* Assets.xcassets in Resources */ = {isa = PBXBuildFile; fileRef = 506D364223660E17006F514F /* Assets.xcassets */; };
		506D364623660E17006F514F /* LaunchScreen.storyboard in Resources */ = {isa = PBXBuildFile; fileRef = 506D364423660E17006F514F /* LaunchScreen.storyboard */; };
		506D364F23661CF6006F514F /* ViewModel.swift in Sources */ = {isa = PBXBuildFile; fileRef = 506D364E23661CF6006F514F /* ViewModel.swift */; };
		B670B5CEE6203031EF91C208 /* Pods_TextileDemo.framework in Frameworks */ = {isa = PBXBuildFile; fileRef = 4ED365D811A75ADF584993DC /* Pods_TextileDemo.framework */; };
/* End PBXBuildFile section */

/* Begin PBXFileReference section */
		4ED365D811A75ADF584993DC /* Pods_TextileDemo.framework */ = {isa = PBXFileReference; explicitFileType = wrapper.framework; includeInIndex = 0; path = Pods_TextileDemo.framework; sourceTree = BUILT_PRODUCTS_DIR; };
		506D363623660E14006F514F /* TextileDemo.app */ = {isa = PBXFileReference; explicitFileType = wrapper.application; includeInIndex = 0; path = TextileDemo.app; sourceTree = BUILT_PRODUCTS_DIR; };
		506D363923660E14006F514F /* AppDelegate.swift */ = {isa = PBXFileReference; lastKnownFileType = sourcecode.swift; path = AppDelegate.swift; sourceTree = "<group>"; };
		506D363D23660E14006F514F /* ViewController.swift */ = {isa = PBXFileReference; lastKnownFileType = sourcecode.swift; path = ViewController.swift; sourceTree = "<group>"; };
		506D364023660E14006F514F /* Base */ = {isa = PBXFileReference; lastKnownFileType = file.storyboard; name = Base; path = Base.lproj/Main.storyboard; sourceTree = "<group>"; };
		506D364223660E17006F514F /* Assets.xcassets */ = {isa = PBXFileReference; lastKnownFileType = folder.assetcatalog; path = Assets.xcassets; sourceTree = "<group>"; };
		506D364523660E17006F514F /* Base */ = {isa = PBXFileReference; lastKnownFileType = file.storyboard; name = Base; path = Base.lproj/LaunchScreen.storyboard; sourceTree = "<group>"; };
		506D364723660E17006F514F /* Info.plist */ = {isa = PBXFileReference; lastKnownFileType = text.plist.xml; path = Info.plist; sourceTree = "<group>"; };
		506D364E23661CF6006F514F /* ViewModel.swift */ = {isa = PBXFileReference; lastKnownFileType = sourcecode.swift; path = ViewModel.swift; sourceTree = "<group>"; };
		93E9CAC041E772B8EF926CB9 /* Pods-TextileDemo.debug.xcconfig */ = {isa = PBXFileReference; includeInIndex = 1; lastKnownFileType = text.xcconfig; name = "Pods-TextileDemo.debug.xcconfig"; path = "Target Support Files/Pods-TextileDemo/Pods-TextileDemo.debug.xcconfig"; sourceTree = "<group>"; };
		B698A21CD70999DAAEAFCD02 /* Pods-TextileDemo.release.xcconfig */ = {isa = PBXFileReference; includeInIndex = 1; lastKnownFileType = text.xcconfig; name = "Pods-TextileDemo.release.xcconfig"; path = "Target Support Files/Pods-TextileDemo/Pods-TextileDemo.release.xcconfig"; sourceTree = "<group>"; };
/* End PBXFileReference section */

/* Begin PBXFrameworksBuildPhase section */
		506D363323660E14006F514F /* Frameworks */ = {
			isa = PBXFrameworksBuildPhase;
			buildActionMask = 2147483647;
			files = (
				B670B5CEE6203031EF91C208 /* Pods_TextileDemo.framework in Frameworks */,
			);
			runOnlyForDeploymentPostprocessing = 0;
		};
/* End PBXFrameworksBuildPhase section */

/* Begin PBXGroup section */
		3BCED97A073D9EFA3B10F3D3 /* Pods */ = {
			isa = PBXGroup;
			children = (
				93E9CAC041E772B8EF926CB9 /* Pods-TextileDemo.debug.xcconfig */,
				B698A21CD70999DAAEAFCD02 /* Pods-TextileDemo.release.xcconfig */,
			);
			path = Pods;
			sourceTree = "<group>";
		};
		506D362D23660E14006F514F = {
			isa = PBXGroup;
			children = (
				506D363823660E14006F514F /* TextileDemo */,
				506D363723660E14006F514F /* Products */,
				3BCED97A073D9EFA3B10F3D3 /* Pods */,
				6A29ACBDF6D7B076C5D0D8AC /* Frameworks */,
			);
			sourceTree = "<group>";
		};
		506D363723660E14006F514F /* Products */ = {
			isa = PBXGroup;
			children = (
				506D363623660E14006F514F /* TextileDemo.app */,
			);
			name = Products;
			sourceTree = "<group>";
		};
		506D363823660E14006F514F /* TextileDemo */ = {
			isa = PBXGroup;
			children = (
				506D36702367248E006F514F /* Support */,
				506D364D23661CEA006F514F /* ViewModel */,
				506D363923660E14006F514F /* AppDelegate.swift */,
				506D363D23660E14006F514F /* ViewController.swift */,
				506D363F23660E14006F514F /* Main.storyboard */,
				506D364223660E17006F514F /* Assets.xcassets */,
				506D364423660E17006F514F /* LaunchScreen.storyboard */,
				506D364723660E17006F514F /* Info.plist */,
			);
			path = TextileDemo;
			sourceTree = "<group>";
		};
		506D364D23661CEA006F514F /* ViewModel */ = {
			isa = PBXGroup;
			children = (
				506D364E23661CF6006F514F /* ViewModel.swift */,
			);
			path = ViewModel;
			sourceTree = "<group>";
		};
		506D36702367248E006F514F /* Support */ = {
			isa = PBXGroup;
			children = (
				506D367123672495006F514F /* Textile API Wrapper */,
			);
			path = Support;
			sourceTree = "<group>";
		};
		506D367123672495006F514F /* Textile API Wrapper */ = {
			isa = PBXGroup;
			children = (
			);
			path = "Textile API Wrapper";
			sourceTree = "<group>";
		};
		6A29ACBDF6D7B076C5D0D8AC /* Frameworks */ = {
			isa = PBXGroup;
			children = (
				4ED365D811A75ADF584993DC /* Pods_TextileDemo.framework */,
			);
			name = Frameworks;
			sourceTree = "<group>";
		};
/* End PBXGroup section */

/* Begin PBXNativeTarget section */
		506D363523660E14006F514F /* TextileDemo */ = {
			isa = PBXNativeTarget;
			buildConfigurationList = 506D364A23660E17006F514F /* Build configuration list for PBXNativeTarget "TextileDemo" */;
			buildPhases = (
				52E2067D6B2A5EED2C3980BE /* [CP] Check Pods Manifest.lock */,
				506D363223660E14006F514F /* Sources */,
				506D363323660E14006F514F /* Frameworks */,
				506D363423660E14006F514F /* Resources */,
				4DE46879A50A3EEB76ACD8CE /* [CP] Embed Pods Frameworks */,
			);
			buildRules = (
			);
			dependencies = (
			);
			name = TextileDemo;
			productName = TextileDemo;
			productReference = 506D363623660E14006F514F /* TextileDemo.app */;
			productType = "com.apple.product-type.application";
		};
/* End PBXNativeTarget section */

/* Begin PBXProject section */
		506D362E23660E14006F514F /* Project object */ = {
			isa = PBXProject;
			attributes = {
				LastSwiftUpdateCheck = 1110;
				LastUpgradeCheck = 1110;
				ORGANIZATIONNAME = "Max Rozdobudko";
				TargetAttributes = {
					506D363523660E14006F514F = {
						CreatedOnToolsVersion = 11.1;
					};
				};
			};
			buildConfigurationList = 506D363123660E14006F514F /* Build configuration list for PBXProject "TextileDemo" */;
			compatibilityVersion = "Xcode 9.3";
			developmentRegion = en;
			hasScannedForEncodings = 0;
			knownRegions = (
				en,
				Base,
			);
			mainGroup = 506D362D23660E14006F514F;
			productRefGroup = 506D363723660E14006F514F /* Products */;
			projectDirPath = "";
			projectRoot = "";
			targets = (
				506D363523660E14006F514F /* TextileDemo */,
			);
		};
/* End PBXProject section */

/* Begin PBXResourcesBuildPhase section */
		506D363423660E14006F514F /* Resources */ = {
			isa = PBXResourcesBuildPhase;
			buildActionMask = 2147483647;
			files = (
				506D364623660E17006F514F /* LaunchScreen.storyboard in Resources */,
				506D364323660E17006F514F /* Assets.xcassets in Resources */,
				506D364123660E14006F514F /* Main.storyboard in Resources */,
			);
			runOnlyForDeploymentPostprocessing = 0;
		};
/* End PBXResourcesBuildPhase section */

/* Begin PBXShellScriptBuildPhase section */
		4DE46879A50A3EEB76ACD8CE /* [CP] Embed Pods Frameworks */ = {
			isa = PBXShellScriptBuildPhase;
			buildActionMask = 2147483647;
			files = (
			);
			inputFileListPaths = (
				"${PODS_ROOT}/Target Support Files/Pods-TextileDemo/Pods-TextileDemo-frameworks-${CONFIGURATION}-input-files.xcfilelist",
			);
			name = "[CP] Embed Pods Frameworks";
			outputFileListPaths = (
				"${PODS_ROOT}/Target Support Files/Pods-TextileDemo/Pods-TextileDemo-frameworks-${CONFIGURATION}-output-files.xcfilelist",
			);
			runOnlyForDeploymentPostprocessing = 0;
			shellPath = /bin/sh;
			shellScript = "\"${PODS_ROOT}/Target Support Files/Pods-TextileDemo/Pods-TextileDemo-frameworks.sh\"\n";
			showEnvVarsInLog = 0;
		};
		52E2067D6B2A5EED2C3980BE /* [CP] Check Pods Manifest.lock */ = {
			isa = PBXShellScriptBuildPhase;
			buildActionMask = 2147483647;
			files = (
			);
			inputFileListPaths = (
			);
			inputPaths = (
				"${PODS_PODFILE_DIR_PATH}/Podfile.lock",
				"${PODS_ROOT}/Manifest.lock",
			);
			name = "[CP] Check Pods Manifest.lock";
			outputFileListPaths = (
			);
			outputPaths = (
				"$(DERIVED_FILE_DIR)/Pods-TextileDemo-checkManifestLockResult.txt",
			);
			runOnlyForDeploymentPostprocessing = 0;
			shellPath = /bin/sh;
			shellScript = "diff \"${PODS_PODFILE_DIR_PATH}/Podfile.lock\" \"${PODS_ROOT}/Manifest.lock\" > /dev/null\nif [ $? != 0 ] ; then\n    # print error to STDERR\n    echo \"error: The sandbox is not in sync with the Podfile.lock. Run 'pod install' or update your CocoaPods installation.\" >&2\n    exit 1\nfi\n# This output is used by Xcode 'outputs' to avoid re-running this script phase.\necho \"SUCCESS\" > \"${SCRIPT_OUTPUT_FILE_0}\"\n";
			showEnvVarsInLog = 0;
		};
/* End PBXShellScriptBuildPhase section */

/* Begin PBXSourcesBuildPhase section */
		506D363223660E14006F514F /* Sources */ = {
			isa = PBXSourcesBuildPhase;
			buildActionMask = 2147483647;
			files = (
				506D363E23660E14006F514F /* ViewController.swift in Sources */,
				506D364F23661CF6006F514F /* ViewModel.swift in Sources */,
				506D363A23660E14006F514F /* AppDelegate.swift in Sources */,
			);
			runOnlyForDeploymentPostprocessing = 0;
		};
/* End PBXSourcesBuildPhase section */

/* Begin PBXVariantGroup section */
		506D363F23660E14006F514F /* Main.storyboard */ = {
			isa = PBXVariantGroup;
			children = (
				506D364023660E14006F514F /* Base */,
			);
			name = Main.storyboard;
			sourceTree = "<group>";
		};
		506D364423660E17006F514F /* LaunchScreen.storyboard */ = {
			isa = PBXVariantGroup;
			children = (
				506D364523660E17006F514F /* Base */,
			);
			name = LaunchScreen.storyboard;
			sourceTree = "<group>";
		};
/* End PBXVariantGroup section */

/* Begin XCBuildConfiguration section */
		506D364823660E17006F514F /* Debug */ = {
			isa = XCBuildConfiguration;
			buildSettings = {
				ALWAYS_SEARCH_USER_PATHS = NO;
				CLANG_ANALYZER_NONNULL = YES;
				CLANG_ANALYZER_NUMBER_OBJECT_CONVERSION = YES_AGGRESSIVE;
				CLANG_CXX_LANGUAGE_STANDARD = "gnu++14";
				CLANG_CXX_LIBRARY = "libc++";
				CLANG_ENABLE_MODULES = YES;
				CLANG_ENABLE_OBJC_ARC = YES;
				CLANG_ENABLE_OBJC_WEAK = YES;
				CLANG_WARN_BLOCK_CAPTURE_AUTORELEASING = YES;
				CLANG_WARN_BOOL_CONVERSION = YES;
				CLANG_WARN_COMMA = YES;
				CLANG_WARN_CONSTANT_CONVERSION = YES;
				CLANG_WARN_DEPRECATED_OBJC_IMPLEMENTATIONS = YES;
				CLANG_WARN_DIRECT_OBJC_ISA_USAGE = YES_ERROR;
				CLANG_WARN_DOCUMENTATION_COMMENTS = YES;
				CLANG_WARN_EMPTY_BODY = YES;
				CLANG_WARN_ENUM_CONVERSION = YES;
				CLANG_WARN_INFINITE_RECURSION = YES;
				CLANG_WARN_INT_CONVERSION = YES;
				CLANG_WARN_NON_LITERAL_NULL_CONVERSION = YES;
				CLANG_WARN_OBJC_IMPLICIT_RETAIN_SELF = YES;
				CLANG_WARN_OBJC_LITERAL_CONVERSION = YES;
				CLANG_WARN_OBJC_ROOT_CLASS = YES_ERROR;
				CLANG_WARN_RANGE_LOOP_ANALYSIS = YES;
				CLANG_WARN_STRICT_PROTOTYPES = YES;
				CLANG_WARN_SUSPICIOUS_MOVE = YES;
				CLANG_WARN_UNGUARDED_AVAILABILITY = YES_AGGRESSIVE;
				CLANG_WARN_UNREACHABLE_CODE = YES;
				CLANG_WARN__DUPLICATE_METHOD_MATCH = YES;
				COPY_PHASE_STRIP = NO;
				DEBUG_INFORMATION_FORMAT = dwarf;
				ENABLE_STRICT_OBJC_MSGSEND = YES;
				ENABLE_TESTABILITY = YES;
				GCC_C_LANGUAGE_STANDARD = gnu11;
				GCC_DYNAMIC_NO_PIC = NO;
				GCC_NO_COMMON_BLOCKS = YES;
				GCC_OPTIMIZATION_LEVEL = 0;
				GCC_PREPROCESSOR_DEFINITIONS = (
					"DEBUG=1",
					"$(inherited)",
				);
				GCC_WARN_64_TO_32_BIT_CONVERSION = YES;
				GCC_WARN_ABOUT_RETURN_TYPE = YES_ERROR;
				GCC_WARN_UNDECLARED_SELECTOR = YES;
				GCC_WARN_UNINITIALIZED_AUTOS = YES_AGGRESSIVE;
				GCC_WARN_UNUSED_FUNCTION = YES;
				GCC_WARN_UNUSED_VARIABLE = YES;
				IPHONEOS_DEPLOYMENT_TARGET = 12.4;
				MTL_ENABLE_DEBUG_INFO = INCLUDE_SOURCE;
				MTL_FAST_MATH = YES;
				ONLY_ACTIVE_ARCH = YES;
				SDKROOT = iphoneos;
				SWIFT_ACTIVE_COMPILATION_CONDITIONS = DEBUG;
				SWIFT_OPTIMIZATION_LEVEL = "-Onone";
			};
			name = Debug;
		};
		506D364923660E17006F514F /* Release */ = {
			isa = XCBuildConfiguration;
			buildSettings = {
				ALWAYS_SEARCH_USER_PATHS = NO;
				CLANG_ANALYZER_NONNULL = YES;
				CLANG_ANALYZER_NUMBER_OBJECT_CONVERSION = YES_AGGRESSIVE;
				CLANG_CXX_LANGUAGE_STANDARD = "gnu++14";
				CLANG_CXX_LIBRARY = "libc++";
				CLANG_ENABLE_MODULES = YES;
				CLANG_ENABLE_OBJC_ARC = YES;
				CLANG_ENABLE_OBJC_WEAK = YES;
				CLANG_WARN_BLOCK_CAPTURE_AUTORELEASING = YES;
				CLANG_WARN_BOOL_CONVERSION = YES;
				CLANG_WARN_COMMA = YES;
				CLANG_WARN_CONSTANT_CONVERSION = YES;
				CLANG_WARN_DEPRECATED_OBJC_IMPLEMENTATIONS = YES;
				CLANG_WARN_DIRECT_OBJC_ISA_USAGE = YES_ERROR;
				CLANG_WARN_DOCUMENTATION_COMMENTS = YES;
				CLANG_WARN_EMPTY_BODY = YES;
				CLANG_WARN_ENUM_CONVERSION = YES;
				CLANG_WARN_INFINITE_RECURSION = YES;
				CLANG_WARN_INT_CONVERSION = YES;
				CLANG_WARN_NON_LITERAL_NULL_CONVERSION = YES;
				CLANG_WARN_OBJC_IMPLICIT_RETAIN_SELF = YES;
				CLANG_WARN_OBJC_LITERAL_CONVERSION = YES;
				CLANG_WARN_OBJC_ROOT_CLASS = YES_ERROR;
				CLANG_WARN_RANGE_LOOP_ANALYSIS = YES;
				CLANG_WARN_STRICT_PROTOTYPES = YES;
				CLANG_WARN_SUSPICIOUS_MOVE = YES;
				CLANG_WARN_UNGUARDED_AVAILABILITY = YES_AGGRESSIVE;
				CLANG_WARN_UNREACHABLE_CODE = YES;
				CLANG_WARN__DUPLICATE_METHOD_MATCH = YES;
				COPY_PHASE_STRIP = NO;
				DEBUG_INFORMATION_FORMAT = "dwarf-with-dsym";
				ENABLE_NS_ASSERTIONS = NO;
				ENABLE_STRICT_OBJC_MSGSEND = YES;
				GCC_C_LANGUAGE_STANDARD = gnu11;
				GCC_NO_COMMON_BLOCKS = YES;
				GCC_WARN_64_TO_32_BIT_CONVERSION = YES;
				GCC_WARN_ABOUT_RETURN_TYPE = YES_ERROR;
				GCC_WARN_UNDECLARED_SELECTOR = YES;
				GCC_WARN_UNINITIALIZED_AUTOS = YES_AGGRESSIVE;
				GCC_WARN_UNUSED_FUNCTION = YES;
				GCC_WARN_UNUSED_VARIABLE = YES;
				IPHONEOS_DEPLOYMENT_TARGET = 12.4;
				MTL_ENABLE_DEBUG_INFO = NO;
				MTL_FAST_MATH = YES;
				SDKROOT = iphoneos;
				SWIFT_COMPILATION_MODE = wholemodule;
				SWIFT_OPTIMIZATION_LEVEL = "-O";
				VALIDATE_PRODUCT = YES;
			};
			name = Release;
		};
		506D364B23660E17006F514F /* Debug */ = {
			isa = XCBuildConfiguration;
			baseConfigurationReference = 93E9CAC041E772B8EF926CB9 /* Pods-TextileDemo.debug.xcconfig */;
			buildSettings = {
				ASSETCATALOG_COMPILER_APPICON_NAME = AppIcon;
				CODE_SIGN_STYLE = Automatic;
				DEVELOPMENT_TEAM = GL9F4DL9W9;
				INFOPLIST_FILE = TextileDemo/Info.plist;
				LD_RUNPATH_SEARCH_PATHS = (
					"$(inherited)",
					"@executable_path/Frameworks",
				);
				PRODUCT_BUNDLE_IDENTIFIER = com.github.rozd.playground.TextileDemo;
				PRODUCT_NAME = "$(TARGET_NAME)";
				SWIFT_VERSION = 5.0;
				TARGETED_DEVICE_FAMILY = "1,2";
			};
			name = Debug;
		};
		506D364C23660E17006F514F /* Release */ = {
			isa = XCBuildConfiguration;
			baseConfigurationReference = B698A21CD70999DAAEAFCD02 /* Pods-TextileDemo.release.xcconfig */;
			buildSettings = {
				ASSETCATALOG_COMPILER_APPICON_NAME = AppIcon;
				CODE_SIGN_STYLE = Automatic;
				DEVELOPMENT_TEAM = GL9F4DL9W9;
				INFOPLIST_FILE = TextileDemo/Info.plist;
				LD_RUNPATH_SEARCH_PATHS = (
					"$(inherited)",
					"@executable_path/Frameworks",
				);
				PRODUCT_BUNDLE_IDENTIFIER = com.github.rozd.playground.TextileDemo;
				PRODUCT_NAME = "$(TARGET_NAME)";
				SWIFT_VERSION = 5.0;
				TARGETED_DEVICE_FAMILY = "1,2";
			};
			name = Release;
		};
/* End XCBuildConfiguration section */

/* Begin XCConfigurationList section */
		506D363123660E14006F514F /* Build configuration list for PBXProject "TextileDemo" */ = {
			isa = XCConfigurationList;
			buildConfigurations = (
				506D364823660E17006F514F /* Debug */,
				506D364923660E17006F514F /* Release */,
			);
			defaultConfigurationIsVisible = 0;
			defaultConfigurationName = Release;
		};
		506D364A23660E17006F514F /* Build configuration list for PBXNativeTarget "TextileDemo" */ = {
			isa = XCConfigurationList;
			buildConfigurations = (
				506D364B23660E17006F514F /* Debug */,
				506D364C23660E17006F514F /* Release */,
			);
			defaultConfigurationIsVisible = 0;
			defaultConfigurationName = Release;
		};
/* End XCConfigurationList section */
	};
	rootObject = 506D362E23660E14006F514F /* Project object */;
}
